{
  "name": "tmp",
  "version": "1.0.0",
  "lockfileVersion": 3,
  "requires": true,
  "packages": {
    "": {
      "name": "tmp",
      "version": "1.0.0",
      "license": "ISC",
      "dependencies": {
        "@flakiness/report": "^0.0.2",
        "@playwright/test": "^1.47.2"
      }
    },
    "node_modules/@flakiness/report": {
      "version": "0.0.2",
      "resolved": "https://registry.npmjs.org/@flakiness/report/-/report-0.0.2.tgz",
      "integrity": "sha512-T6GfL/qPxPdjL/Qeub4FQOdrWWo6G/lX1dzLlJvLBppON7pg2fthXR6iai5/BlWSVp0mX7LGqjGELWav9RFbjw==",
      "dependencies": {
        "@flakiness/shared": "0.0.2",
        "minimist": "^1.2.8"
      },
      "bin": {
        "flakiness": "lib/cli/flakiness.js"
      }
    },
    "node_modules/@flakiness/shared": {
      "version": "0.0.2",
      "resolved": "https://registry.npmjs.org/@flakiness/shared/-/shared-0.0.2.tgz",
      "integrity": "sha512-QPrWcXAwxWSZvfzVBAaq6QVpN2xVlfCB2JPcrZLd+wQm5B/F1TA1mn6hDfphtabtXVyGVMxBH/OS9pTAcHT8WA==",
      "dependencies": {
        "js-sha256": "^0.11.0",
        "ms": "^2.1.3",
        "stable-hash": "^0.0.4"
      }
    },
    "node_modules/@playwright/test": {
      "version": "1.47.2",
      "resolved": "https://registry.npmjs.org/@playwright/test/-/test-1.47.2.tgz",
      "integrity": "sha512-jTXRsoSPONAs8Za9QEQdyjFn+0ZQFjCiIztAIF6bi1HqhBzG9Ma7g1WotyiGqFSBRZjIEqMdT8RUlbk1QVhzCQ==",
      "dependencies": {
        "playwright": "1.47.2"
      },
      "bin": {
        "playwright": "cli.js"
      },
      "engines": {
        "node": ">=18"
      }
    },
    "node_modules/fsevents": {
      "version": "2.3.2",
      "resolved": "https://registry.npmjs.org/fsevents/-/fsevents-2.3.2.tgz",
      "integrity": "sha512-xiqMQR4xAeHTuB9uWm+fFRcIOgKBMiOBP+eXiyT7jsgVCq1bkVygt00oASowB7EdtpOHaaPgKt812P9ab+DDKA==",
      "hasInstallScript": true,
      "optional": true,
      "os": [
        "darwin"
      ],
      "engines": {
        "node": "^8.16.0 || ^10.6.0 || >=11.0.0"
      }
    },
    "node_modules/js-sha256": {
      "version": "0.11.0",
      "resolved": "https://registry.npmjs.org/js-sha256/-/js-sha256-0.11.0.tgz",
      "integrity": "sha512-6xNlKayMZvds9h1Y1VWc0fQHQ82BxTXizWPEtEeGvmOUYpBRy4gbWroHLpzowe6xiQhHpelCQiE7HEdznyBL9Q=="
    },
    "node_modules/minimist": {
      "version": "1.2.8",
      "resolved": "https://registry.npmjs.org/minimist/-/minimist-1.2.8.tgz",
      "integrity": "sha512-2yyAR8qBkN3YuheJanUpWC5U3bb5osDywNB8RzDVlDwDHbocAJveqqj1u8+SVD7jkWT4yvsHCpWqqWqAxb0zCA==",
      "funding": {
        "url": "https://github.com/sponsors/ljharb"
      }
    },
    "node_modules/ms": {
      "version": "2.1.3",
      "resolved": "https://registry.npmjs.org/ms/-/ms-2.1.3.tgz",
      "integrity": "sha512-6FlzubTLZG3J2a/NVCAleEhjzq5oxgHyaCU9yYXvcLsvoVaHJq/s5xXI6/XXP6tz7R9xAOtHnSO/tXtF3WRTlA=="
    },
    "node_modules/playwright": {
      "version": "1.47.2",
      "resolved": "https://registry.npmjs.org/playwright/-/playwright-1.47.2.tgz",
      "integrity": "sha512-nx1cLMmQWqmA3UsnjaaokyoUpdVaaDhJhMoxX2qj3McpjnsqFHs516QAKYhqHAgOP+oCFTEOCOAaD1RgD/RQfA==",
      "dependencies": {
        "playwright-core": "1.47.2"
      },
      "bin": {
        "playwright": "cli.js"
      },
      "engines": {
        "node": ">=18"
      },
      "optionalDependencies": {
        "fsevents": "2.3.2"
      }
    },
    "node_modules/playwright-core": {
      "version": "1.47.2",
      "resolved": "https://registry.npmjs.org/playwright-core/-/playwright-core-1.47.2.tgz",
      "integrity": "sha512-3JvMfF+9LJfe16l7AbSmU555PaTl2tPyQsVInqm3id16pdDfvZ8TTZ/pyzmkbDrZTQefyzU7AIHlZqQnxpqHVQ==",
      "bin": {
        "playwright-core": "cli.js"
      },
      "engines": {
        "node": ">=18"
      }
    },
    "node_modules/stable-hash": {
      "version": "0.0.4",
      "resolved": "https://registry.npmjs.org/stable-hash/-/stable-hash-0.0.4.tgz",
      "integrity": "sha512-LjdcbuBeLcdETCrPn9i8AYAZ1eCtu4ECAWtP7UleOiZ9LzVxRzzUZEoZ8zB24nhkQnDWyET0I+3sWokSDS3E7g=="
    }
  }
}
